// !$*UTF8*$!
{
	archiveVersion = 1;
	classes = {
	};
	objectVersion = 46;
	objects = {

/* Begin PBXBuildFile section */
		C749F3E91B541D18004311A8 /* AppDelegate.swift in Sources */ = {isa = PBXBuildFile; fileRef = C749F3E81B541D18004311A8 /* AppDelegate.swift */; };
		C749F3EB1B541D18004311A8 /* ViewController.swift in Sources */ = {isa = PBXBuildFile; fileRef = C749F3EA1B541D18004311A8 /* ViewController.swift */; };
		C749F3EE1B541D18004311A8 /* Main.storyboard in Resources */ = {isa = PBXBuildFile; fileRef = C749F3EC1B541D18004311A8 /* Main.storyboard */; };
		C749F3F01B541D18004311A8 /* Images.xcassets in Resources */ = {isa = PBXBuildFile; fileRef = C749F3EF1B541D18004311A8 /* Images.xcassets */; };
		C749F3F31B541D18004311A8 /* LaunchScreen.xib in Resources */ = {isa = PBXBuildFile; fileRef = C749F3F11B541D18004311A8 /* LaunchScreen.xib */; };
		C749F3FF1B541D19004311A8 /* STEMinistWorldTests.swift in Sources */ = {isa = PBXBuildFile; fileRef = C749F3FE1B541D19004311A8 /* STEMinistWorldTests.swift */; };
/* End PBXBuildFile section */

/* Begin PBXContainerItemProxy section */
		C749F3F91B541D19004311A8 /* PBXContainerItemProxy */ = {
			isa = PBXContainerItemProxy;
			containerPortal = C749F3DB1B541D18004311A8 /* Project object */;
			proxyType = 1;
			remoteGlobalIDString = C749F3E21B541D18004311A8;
			remoteInfo = STEMinistWorld;
		};
/* End PBXContainerItemProxy section */

/* Begin PBXFileReference section */
		C749F3E31B541D18004311A8 /* STEMinistWorld.app */ = {isa = PBXFileReference; explicitFileType = wrapper.application; includeInIndex = 0; path = STEMinistWorld.app; sourceTree = BUILT_PRODUCTS_DIR; };
		C749F3E71B541D18004311A8 /* Info.plist */ = {isa = PBXFileReference; lastKnownFileType = text.plist.xml; path = Info.plist; sourceTree = "<group>"; };
		C749F3E81B541D18004311A8 /* AppDelegate.swift */ = {isa = PBXFileReference; lastKnownFileType = sourcecode.swift; path = AppDelegate.swift; sourceTree = "<group>"; };
		C749F3EA1B541D18004311A8 /* ViewController.swift */ = {isa = PBXFileReference; lastKnownFileType = sourcecode.swift; path = ViewController.swift; sourceTree = "<group>"; };
		C749F3ED1B541D18004311A8 /* Base */ = {isa = PBXFileReference; lastKnownFileType = file.storyboard; name = Base; path = Base.lproj/Main.storyboard; sourceTree = "<group>"; };
		C749F3EF1B541D18004311A8 /* Images.xcassets */ = {isa = PBXFileReference; lastKnownFileType = folder.assetcatalog; path = Images.xcassets; sourceTree = "<group>"; };
		C749F3F21B541D18004311A8 /* Base */ = {isa = PBXFileReference; lastKnownFileType = file.xib; name = Base; path = Base.lproj/LaunchScreen.xib; sourceTree = "<group>"; };
		C749F3F81B541D19004311A8 /* STEMinistWorldTests.xctest */ = {isa = PBXFileReference; explicitFileType = wrapper.cfbundle; includeInIndex = 0; path = STEMinistWorldTests.xctest; sourceTree = BUILT_PRODUCTS_DIR; };
		C749F3FD1B541D19004311A8 /* Info.plist */ = {isa = PBXFileReference; lastKnownFileType = text.plist.xml; path = Info.plist; sourceTree = "<group>"; };
		C749F3FE1B541D19004311A8 /* STEMinistWorldTests.swift */ = {isa = PBXFileReference; lastKnownFileType = sourcecode.swift; path = STEMinistWorldTests.swift; sourceTree = "<group>"; };
/* End PBXFileReference section */

/* Begin PBXFrameworksBuildPhase section */
		C749F3E01B541D18004311A8 /* Frameworks */ = {
			isa = PBXFrameworksBuildPhase;
			buildActionMask = 2147483647;
			files = (
			);
			runOnlyForDeploymentPostprocessing = 0;
		};
		C749F3F51B541D19004311A8 /* Frameworks */ = {
			isa = PBXFrameworksBuildPhase;
			buildActionMask = 2147483647;
			files = (
			);
			runOnlyForDeploymentPostprocessing = 0;
		};
/* End PBXFrameworksBuildPhase section */

/* Begin PBXGroup section */
		C749F3DA1B541D18004311A8 = {
			isa = PBXGroup;
			children = (
				C749F3E51B541D18004311A8 /* STEMinistWorld */,
				C749F3FB1B541D19004311A8 /* STEMinistWorldTests */,
				C749F3E41B541D18004311A8 /* Products */,
			);
			sourceTree = "<group>";
		};
		C749F3E41B541D18004311A8 /* Products */ = {
			isa = PBXGroup;
			children = (
				C749F3E31B541D18004311A8 /* STEMinistWorld.app */,
				C749F3F81B541D19004311A8 /* STEMinistWorldTests.xctest */,
			);
			name = Products;
			sourceTree = "<group>";
		};
		C749F3E51B541D18004311A8 /* STEMinistWorld */ = {
			isa = PBXGroup;
			children = (
				C749F3E81B541D18004311A8 /* AppDelegate.swift */,
				C749F3EA1B541D18004311A8 /* ViewController.swift */,
				C749F3EC1B541D18004311A8 /* Main.storyboard */,
				C749F3EF1B541D18004311A8 /* Images.xcassets */,
				C749F3F11B541D18004311A8 /* LaunchScreen.xib */,
				C749F3E61B541D18004311A8 /* Supporting Files */,
			);
			path = STEMinistWorld;
			sourceTree = "<group>";
		};
		C749F3E61B541D18004311A8 /* Supporting Files */ = {
			isa = PBXGroup;
			children = (
				C749F3E71B541D18004311A8 /* Info.plist */,
			);
			name = "Supporting Files";
			sourceTree = "<group>";
		};
		C749F3FB1B541D19004311A8 /* STEMinistWorldTests */ = {
			isa = PBXGroup;
			children = (
				C749F3FE1B541D19004311A8 /* STEMinistWorldTests.swift */,
				C749F3FC1B541D19004311A8 /* Supporting Files */,
			);
			path = STEMinistWorldTests;
			sourceTree = "<group>";
		};
		C749F3FC1B541D19004311A8 /* Supporting Files */ = {
			isa = PBXGroup;
			children = (
				C749F3FD1B541D19004311A8 /* Info.plist */,
			);
			name = "Supporting Files";
			sourceTree = "<group>";
		};
/* End PBXGroup section */

/* Begin PBXNativeTarget section */
		C749F3E21B541D18004311A8 /* STEMinistWorld */ = {
			isa = PBXNativeTarget;
			buildConfigurationList = C749F4021B541D19004311A8 /* Build configuration list for PBXNativeTarget "STEMinistWorld" */;
			buildPhases = (
				C749F3DF1B541D18004311A8 /* Sources */,
				C749F3E01B541D18004311A8 /* Frameworks */,
				C749F3E11B541D18004311A8 /* Resources */,
			);
			buildRules = (
			);
			dependencies = (
			);
			name = STEMinistWorld;
			productName = STEMinistWorld;
			productReference = C749F3E31B541D18004311A8 /* STEMinistWorld.app */;
			productType = "com.apple.product-type.application";
		};
		C749F3F71B541D19004311A8 /* STEMinistWorldTests */ = {
			isa = PBXNativeTarget;
			buildConfigurationList = C749F4051B541D19004311A8 /* Build configuration list for PBXNativeTarget "STEMinistWorldTests" */;
			buildPhases = (
				C749F3F41B541D19004311A8 /* Sources */,
				C749F3F51B541D19004311A8 /* Frameworks */,
				C749F3F61B541D19004311A8 /* Resources */,
			);
			buildRules = (
			);
			dependencies = (
				C749F3FA1B541D19004311A8 /* PBXTargetDependency */,
			);
			name = STEMinistWorldTests;
			productName = STEMinistWorldTests;
			productReference = C749F3F81B541D19004311A8 /* STEMinistWorldTests.xctest */;
			productType = "com.apple.product-type.bundle.unit-test";
		};
/* End PBXNativeTarget section */

/* Begin PBXProject section */
		C749F3DB1B541D18004311A8 /* Project object */ = {
			isa = PBXProject;
			attributes = {
				LastUpgradeCheck = 0630;
				ORGANIZATIONNAME = "Kavya Tewari";
				TargetAttributes = {
					C749F3E21B541D18004311A8 = {
						CreatedOnToolsVersion = 6.3.2;
					};
					C749F3F71B541D19004311A8 = {
						CreatedOnToolsVersion = 6.3.2;
						TestTargetID = C749F3E21B541D18004311A8;
					};
				};
			};
			buildConfigurationList = C749F3DE1B541D18004311A8 /* Build configuration list for PBXProject "STEMinistWorld" */;
			compatibilityVersion = "Xcode 3.2";
			developmentRegion = English;
			hasScannedForEncodings = 0;
			knownRegions = (
				en,
				Base,
			);
			mainGroup = C749F3DA1B541D18004311A8;
			productRefGroup = C749F3E41B541D18004311A8 /* Products */;
			projectDirPath = "";
			projectRoot = "";
			targets = (
				C749F3E21B541D18004311A8 /* STEMinistWorld */,
				C749F3F71B541D19004311A8 /* STEMinistWorldTests */,
			);
		};
/* End PBXProject section */

/* Begin PBXResourcesBuildPhase section */
		C749F3E11B541D18004311A8 /* Resources */ = {
			isa = PBXResourcesBuildPhase;
			buildActionMask = 2147483647;
			files = (
				C749F3EE1B541D18004311A8 /* Main.storyboard in Resources */,
				C749F3F31B541D18004311A8 /* LaunchScreen.xib in Resources */,
				C749F3F01B541D18004311A8 /* Images.xcassets in Resources */,
			);
			runOnlyForDeploymentPostprocessing = 0;
		};
		C749F3F61B541D19004311A8 /* Resources */ = {
			isa = PBXResourcesBuildPhase;
			buildActionMask = 2147483647;
			files = (
			);
			runOnlyForDeploymentPostprocessing = 0;
		};
/* End PBXResourcesBuildPhase section */

/* Begin PBXSourcesBuildPhase section */
		C749F3DF1B541D18004311A8 /* Sources */ = {
			isa = PBXSourcesBuildPhase;
			buildActionMask = 2147483647;
			files = (
				C749F3EB1B541D18004311A8 /* ViewController.swift in Sources */,
				C749F3E91B541D18004311A8 /* AppDelegate.swift in Sources */,
			);
			runOnlyForDeploymentPostprocessing = 0;
		};
		C749F3F41B541D19004311A8 /* Sources */ = {
			isa = PBXSourcesBuildPhase;
			buildActionMask = 2147483647;
			files = (
				C749F3FF1B541D19004311A8 /* STEMinistWorldTests.swift in Sources */,
			);
			runOnlyForDeploymentPostprocessing = 0;
		};
/* End PBXSourcesBuildPhase section */

/* Begin PBXTargetDependency section */
		C749F3FA1B541D19004311A8 /* PBXTargetDependency */ = {
			isa = PBXTargetDependency;
			target = C749F3E21B541D18004311A8 /* STEMinistWorld */;
			targetProxy = C749F3F91B541D19004311A8 /* PBXContainerItemProxy */;
		};
/* End PBXTargetDependency section */

/* Begin PBXVariantGroup section */
		C749F3EC1B541D18004311A8 /* Main.storyboard */ = {
			isa = PBXVariantGroup;
			children = (
				C749F3ED1B541D18004311A8 /* Base */,
			);
			name = Main.storyboard;
			sourceTree = "<group>";
		};
		C749F3F11B541D18004311A8 /* LaunchScreen.xib */ = {
			isa = PBXVariantGroup;
			children = (
				C749F3F21B541D18004311A8 /* Base */,
			);
			name = LaunchScreen.xib;
			sourceTree = "<group>";
		};
/* End PBXVariantGroup section */

/* Begin XCBuildConfiguration section */
		C749F4001B541D19004311A8 /* Debug */ = {
			isa = XCBuildConfiguration;
			buildSettings = {
				ALWAYS_SEARCH_USER_PATHS = NO;
				CLANG_CXX_LANGUAGE_STANDARD = "gnu++0x";
				CLANG_CXX_LIBRARY = "libc++";
				CLANG_ENABLE_MODULES = YES;
				CLANG_ENABLE_OBJC_ARC = YES;
				CLANG_WARN_BOOL_CONVERSION = YES;
				CLANG_WARN_CONSTANT_CONVERSION = YES;
				CLANG_WARN_DIRECT_OBJC_ISA_USAGE = YES_ERROR;
				CLANG_WARN_EMPTY_BODY = YES;
				CLANG_WARN_ENUM_CONVERSION = YES;
				CLANG_WARN_INT_CONVERSION = YES;
				CLANG_WARN_OBJC_ROOT_CLASS = YES_ERROR;
				CLANG_WARN_UNREACHABLE_CODE = YES;
				CLANG_WARN__DUPLICATE_METHOD_MATCH = YES;
				"CODE_SIGN_IDENTITY[sdk=iphoneos*]" = "iPhone Developer";
				COPY_PHASE_STRIP = NO;
				DEBUG_INFORMATION_FORMAT = "dwarf-with-dsym";
				ENABLE_STRICT_OBJC_MSGSEND = YES;
				GCC_C_LANGUAGE_STANDARD = gnu99;
				GCC_DYNAMIC_NO_PIC = NO;
				GCC_NO_COMMON_BLOCKS = YES;
				GCC_OPTIMIZATION_LEVEL = 0;
				GCC_PREPROCESSOR_DEFINITIONS = (
					"DEBUG=1",
					"$(inherited)",
				);
				GCC_SYMBOLS_PRIVATE_EXTERN = NO;
				GCC_WARN_64_TO_32_BIT_CONVERSION = YES;
				GCC_WARN_ABOUT_RETURN_TYPE = YES_ERROR;
				GCC_WARN_UNDECLARED_SELECTOR = YES;
				GCC_WARN_UNINITIALIZED_AUTOS = YES_AGGRESSIVE;
				GCC_WARN_UNUSED_FUNCTION = YES;
				GCC_WARN_UNUSED_VARIABLE = YES;
				IPHONEOS_DEPLOYMENT_TARGET = 8.3;
				MTL_ENABLE_DEBUG_INFO = YES;
				ONLY_ACTIVE_ARCH = YES;
				SDKROOT = iphoneos;
				SWIFT_OPTIMIZATION_LEVEL = "-Onone";
				TARGETED_DEVICE_FAMILY = "1,2";
			};
			name = Debug;
		};
		C749F4011B541D19004311A8 /* Release */ = {
			isa = XCBuildConfiguration;
			buildSettings = {
				ALWAYS_SEARCH_USER_PATHS = NO;
				CLANG_CXX_LANGUAGE_STANDARD = "gnu++0x";
				CLANG_CXX_LIBRARY = "libc++";
				CLANG_ENABLE_MODULES = YES;
				CLANG_ENABLE_OBJC_ARC = YES;
				CLANG_WARN_BOOL_CONVERSION = YES;
				CLANG_WARN_CONSTANT_CONVERSION = YES;
				CLANG_WARN_DIRECT_OBJC_ISA_USAGE = YES_ERROR;
				CLANG_WARN_EMPTY_BODY = YES;
				CLANG_WARN_ENUM_CONVERSION = YES;
				CLANG_WARN_INT_CONVERSION = YES;
				CLANG_WARN_OBJC_ROOT_CLASS = YES_ERROR;
				CLANG_WARN_UNREACHABLE_CODE = YES;
				CLANG_WARN__DUPLICATE_METHOD_MATCH = YES;
				"CODE_SIGN_IDENTITY[sdk=iphoneos*]" = "iPhone Developer";
				COPY_PHASE_STRIP = NO;
				DEBUG_INFORMATION_FORMAT = "dwarf-with-dsym";
				ENABLE_NS_ASSERTIONS = NO;
				ENABLE_STRICT_OBJC_MSGSEND = YES;
				GCC_C_LANGUAGE_STANDARD = gnu99;
				GCC_NO_COMMON_BLOCKS = YES;
				GCC_WARN_64_TO_32_BIT_CONVERSION = YES;
				GCC_WARN_ABOUT_RETURN_TYPE = YES_ERROR;
				GCC_WARN_UNDECLARED_SELECTOR = YES;
				GCC_WARN_UNINITIALIZED_AUTOS = YES_AGGRESSIVE;
				GCC_WARN_UNUSED_FUNCTION = YES;
				GCC_WARN_UNUSED_VARIABLE = YES;
				IPHONEOS_DEPLOYMENT_TARGET = 8.3;
				MTL_ENABLE_DEBUG_INFO = NO;
				SDKROOT = iphoneos;
				TARGETED_DEVICE_FAMILY = "1,2";
				VALIDATE_PRODUCT = YES;
			};
			name = Release;
		};
		C749F4031B541D19004311A8 /* Debug */ = {
			isa = XCBuildConfiguration;
			buildSettings = {
				ASSETCATALOG_COMPILER_APPICON_NAME = AppIcon;
				INFOPLIST_FILE = STEMinistWorld/Info.plist;
				LD_RUNPATH_SEARCH_PATHS = "$(inherited) @executable_path/Frameworks";
				PRODUCT_NAME = "$(TARGET_NAME)";
			};
			name = Debug;
		};
		C749F4041B541D19004311A8 /* Release */ = {
			isa = XCBuildConfiguration;
			buildSettings = {
				ASSETCATALOG_COMPILER_APPICON_NAME = AppIcon;
				INFOPLIST_FILE = STEMinistWorld/Info.plist;
				LD_RUNPATH_SEARCH_PATHS = "$(inherited) @executable_path/Frameworks";
				PRODUCT_NAME = "$(TARGET_NAME)";
			};
			name = Release;
		};
		C749F4061B541D19004311A8 /* Debug */ = {
			isa = XCBuildConfiguration;
			buildSettings = {
				BUNDLE_LOADER = "$(TEST_HOST)";
				FRAMEWORK_SEARCH_PATHS = (
					"$(SDKROOT)/Developer/Library/Frameworks",
					"$(inherited)",
				);
				GCC_PREPROCESSOR_DEFINITIONS = (
					"DEBUG=1",
					"$(inherited)",
				);
				INFOPLIST_FILE = STEMinistWorldTests/Info.plist;
				LD_RUNPATH_SEARCH_PATHS = "$(inherited) @executable_path/Frameworks @loader_path/Frameworks";
				PRODUCT_NAME = "$(TARGET_NAME)";
				TEST_HOST = "$(BUILT_PRODUCTS_DIR)/STEMinistWorld.app/STEMinistWorld";
			};
			name = Debug;
		};
		C749F4071B541D19004311A8 /* Release */ = {
			isa = XCBuildConfiguration;
			buildSettings = {
				BUNDLE_LOADER = "$(TEST_HOST)";
				FRAMEWORK_SEARCH_PATHS = (
					"$(SDKROOT)/Developer/Library/Frameworks",
					"$(inherited)",
				);
				INFOPLIST_FILE = STEMinistWorldTests/Info.plist;
				LD_RUNPATH_SEARCH_PATHS = "$(inherited) @executable_path/Frameworks @loader_path/Frameworks";
				PRODUCT_NAME = "$(TARGET_NAME)";
				TEST_HOST = "$(BUILT_PRODUCTS_DIR)/STEMinistWorld.app/STEMinistWorld";
			};
			name = Release;
		};
/* End XCBuildConfiguration section */

/* Begin XCConfigurationList section */
		C749F3DE1B541D18004311A8 /* Build configuration list for PBXProject "STEMinistWorld" */ = {
			isa = XCConfigurationList;
			buildConfigurations = (
				C749F4001B541D19004311A8 /* Debug */,
				C749F4011B541D19004311A8 /* Release */,
			);
			defaultConfigurationIsVisible = 0;
			defaultConfigurationName = Release;
		};
		C749F4021B541D19004311A8 /* Build configuration list for PBXNativeTarget "STEMinistWorld" */ = {
			isa = XCConfigurationList;
			buildConfigurations = (
				C749F4031B541D19004311A8 /* Debug */,
				C749F4041B541D19004311A8 /* Release */,
			);
			defaultConfigurationIsVisible = 0;
		};
		C749F4051B541D19004311A8 /* Build configuration list for PBXNativeTarget "STEMinistWorldTests" */ = {
			isa = XCConfigurationList;
			buildConfigurations = (
				C749F4061B541D19004311A8 /* Debug */,
				C749F4071B541D19004311A8 /* Release */,
			);
			defaultConfigurationIsVisible = 0;
		};
/* End XCConfigurationList section */
	};
	rootObject = C749F3DB1B541D18004311A8 /* Project object */;
}
